
Microsoft Visual Studio Solution File, Format Version 11.00
# Visual Studio 2010
Project("{FAE04EC0-301F-11D3-BF4B-00C04F79EFBC}") = "EscapeGameFramework", "Assembly-CSharp.csproj", "{A53AD84E-735C-4FD6-882E-9E041A9B27CB}"
EndProject
Project("{FAE04EC0-301F-11D3-BF4B-00C04F79EFBC}") = "EscapeGameFramework", "Assembly-CSharp-Editor.csproj", "{3AB312DE-F571-EE79-462D-1289385607E0}"
EndProject
Global
	GlobalSection(SolutionConfigurationPlatforms) = preSolution
		Debug|Any CPU = Debug|Any CPU
		Release|Any CPU = Release|Any CPU
	EndGlobalSection
	GlobalSection(ProjectConfigurationPlatforms) = postSolution
		{A53AD84E-735C-4FD6-882E-9E041A9B27CB}.Debug|Any CPU.ActiveCfg = Debug|Any CPU
		{A53AD84E-735C-4FD6-882E-9E041A9B27CB}.Debug|Any CPU.Build.0 = Debug|Any CPU
		{A53AD84E-735C-4FD6-882E-9E041A9B27CB}.Release|Any CPU.ActiveCfg = Release|Any CPU
		{A53AD84E-735C-4FD6-882E-9E041A9B27CB}.Release|Any CPU.Build.0 = Release|Any CPU
		{3AB312DE-F571-EE79-462D-1289385607E0}.Debug|Any CPU.ActiveCfg = Debug|Any CPU
		{3AB312DE-F571-EE79-462D-1289385607E0}.Debug|Any CPU.Build.0 = Debug|Any CPU
		{3AB312DE-F571-EE79-462D-1289385607E0}.Release|Any CPU.ActiveCfg = Release|Any CPU
		{3AB312DE-F571-EE79-462D-1289385607E0}.Release|Any CPU.Build.0 = Release|Any CPU
	EndGlobalSection
	GlobalSection(SolutionProperties) = preSolution
		HideSolutionNode = FALSE
	EndGlobalSection
	GlobalSection(MonoDevelopProperties) = preSolution
		StartupItem = Assembly-CSharp.csproj
	EndGlobalSection
EndGlobal
